// !$*UTF8*$!
{
	archiveVersion = 1;
	classes = {
	};
	objectVersion = 56;
	objects = {

/* Begin PBXBuildFile section */
		5EAD998A2C3D0CBC00BF23B7 /* CommonInsets.swift in Sources */ = {isa = PBXBuildFile; fileRef = 5EAD99892C3D0CBC00BF23B7 /* CommonInsets.swift */; };
		5EAD998C2C3D15E800BF23B7 /* BasicErrorView.swift in Sources */ = {isa = PBXBuildFile; fileRef = 5EAD998B2C3D15E800BF23B7 /* BasicErrorView.swift */; };
		5EAD998E2C3D15F900BF23B7 /* BasicLoaderView.swift in Sources */ = {isa = PBXBuildFile; fileRef = 5EAD998D2C3D15F900BF23B7 /* BasicLoaderView.swift */; };
		5EAD99902C3D186A00BF23B7 /* UIModels.swift in Sources */ = {isa = PBXBuildFile; fileRef = 5EAD998F2C3D186A00BF23B7 /* UIModels.swift */; };
		5EAD99922C3D272600BF23B7 /* TimeLocationCardView.swift in Sources */ = {isa = PBXBuildFile; fileRef = 5EAD99912C3D272600BF23B7 /* TimeLocationCardView.swift */; };
		5EAD99952C3D274800BF23B7 /* SpecialTagView.swift in Sources */ = {isa = PBXBuildFile; fileRef = 5EAD99942C3D274800BF23B7 /* SpecialTagView.swift */; };
		5EAD99972C3D276200BF23B7 /* ImageTextView.swift in Sources */ = {isa = PBXBuildFile; fileRef = 5EAD99962C3D276200BF23B7 /* ImageTextView.swift */; };
		5EAD999A2C3D299C00BF23B7 /* Kingfisher in Frameworks */ = {isa = PBXBuildFile; productRef = 5EAD99992C3D299C00BF23B7 /* Kingfisher */; };
		5EAD999C2C3D35BB00BF23B7 /* SocialProofingCardView.swift in Sources */ = {isa = PBXBuildFile; fileRef = 5EAD999B2C3D35BB00BF23B7 /* SocialProofingCardView.swift */; };
		5EAD999F2C3D360600BF23B7 /* StackedAssetsView.swift in Sources */ = {isa = PBXBuildFile; fileRef = 5EAD999E2C3D360600BF23B7 /* StackedAssetsView.swift */; };
		5EAD99A12C3D36DC00BF23B7 /* CircularImageView.swift in Sources */ = {isa = PBXBuildFile; fileRef = 5EAD99A02C3D36DC00BF23B7 /* CircularImageView.swift */; };
		5EAD99A32C3D462800BF23B7 /* CircularCornersAssetView.swift in Sources */ = {isa = PBXBuildFile; fileRef = 5EAD99A22C3D462800BF23B7 /* CircularCornersAssetView.swift */; };
		5EAD99A62C3D494600BF23B7 /* AssetCarouselCardView.swift in Sources */ = {isa = PBXBuildFile; fileRef = 5EAD99A52C3D494600BF23B7 /* AssetCarouselCardView.swift */; };
		5EAD99A82C3D4DCA00BF23B7 /* CircularPageControl.swift in Sources */ = {isa = PBXBuildFile; fileRef = 5EAD99A72C3D4DCA00BF23B7 /* CircularPageControl.swift */; };
		5EAD99AA2C3D4E2B00BF23B7 /* CircularPageControlItemView.swift in Sources */ = {isa = PBXBuildFile; fileRef = 5EAD99A92C3D4E2B00BF23B7 /* CircularPageControlItemView.swift */; };
		5EAD99AD2C3D74B700BF23B7 /* AdditionalDetailsCardView.swift in Sources */ = {isa = PBXBuildFile; fileRef = 5EAD99AC2C3D74B700BF23B7 /* AdditionalDetailsCardView.swift */; };
		5EAD99B02C3D757B00BF23B7 /* TextIndicatorItemView.swift in Sources */ = {isa = PBXBuildFile; fileRef = 5EAD99AF2C3D757B00BF23B7 /* TextIndicatorItemView.swift */; };
		5EAD99B22C3D758900BF23B7 /* TextIndicatorPageControl.swift in Sources */ = {isa = PBXBuildFile; fileRef = 5EAD99B12C3D758900BF23B7 /* TextIndicatorPageControl.swift */; };
		5EAD99B52C3D82E000BF23B7 /* AdditionalDetailsItemView.swift in Sources */ = {isa = PBXBuildFile; fileRef = 5EAD99B42C3D82E000BF23B7 /* AdditionalDetailsItemView.swift */; };
		5EAD99B72C3DABDE00BF23B7 /* CountDownTimerCardView.swift in Sources */ = {isa = PBXBuildFile; fileRef = 5EAD99B62C3DABDE00BF23B7 /* CountDownTimerCardView.swift */; };
		5EAD99BA2C3DAC0200BF23B7 /* TimerTextView.swift in Sources */ = {isa = PBXBuildFile; fileRef = 5EAD99B92C3DAC0200BF23B7 /* TimerTextView.swift */; };
		5EDDEE4E2C3B187900DAE3BB /* AppDelegate.swift in Sources */ = {isa = PBXBuildFile; fileRef = 5EDDEE4D2C3B187900DAE3BB /* AppDelegate.swift */; };
		5EDDEE502C3B187900DAE3BB /* SceneDelegate.swift in Sources */ = {isa = PBXBuildFile; fileRef = 5EDDEE4F2C3B187900DAE3BB /* SceneDelegate.swift */; };
		5EDDEE522C3B187900DAE3BB /* ViewController.swift in Sources */ = {isa = PBXBuildFile; fileRef = 5EDDEE512C3B187900DAE3BB /* ViewController.swift */; };
		5EDDEE572C3B187B00DAE3BB /* Assets.xcassets in Resources */ = {isa = PBXBuildFile; fileRef = 5EDDEE562C3B187B00DAE3BB /* Assets.xcassets */; };
		5EDDEE5A2C3B187B00DAE3BB /* Base in Resources */ = {isa = PBXBuildFile; fileRef = 5EDDEE592C3B187B00DAE3BB /* Base */; };
		5EDDEE652C3B3C1800DAE3BB /* NetworkCore in Frameworks */ = {isa = PBXBuildFile; productRef = 5EDDEE642C3B3C1800DAE3BB /* NetworkCore */; };
		5EDDEE682C3BB2EE00DAE3BB /* DetailsBuilder.swift in Sources */ = {isa = PBXBuildFile; fileRef = 5EDDEE672C3BB2EE00DAE3BB /* DetailsBuilder.swift */; };
		5EDDEE702C3BC64900DAE3BB /* RxCocoa in Frameworks */ = {isa = PBXBuildFile; productRef = 5EDDEE6F2C3BC64900DAE3BB /* RxCocoa */; };
		5EDDEE732C3BC69400DAE3BB /* DetailsViewController.swift in Sources */ = {isa = PBXBuildFile; fileRef = 5EDDEE722C3BC69400DAE3BB /* DetailsViewController.swift */; };
		5EDDEE752C3BC69F00DAE3BB /* DetailsViewControllerProtocol.swift in Sources */ = {isa = PBXBuildFile; fileRef = 5EDDEE742C3BC69F00DAE3BB /* DetailsViewControllerProtocol.swift */; };
		5EDDEE772C3BC6B600DAE3BB /* DetailsPresenter.swift in Sources */ = {isa = PBXBuildFile; fileRef = 5EDDEE762C3BC6B600DAE3BB /* DetailsPresenter.swift */; };
		5EDDEE792C3BC6BD00DAE3BB /* DetailsPresenterIO.swift in Sources */ = {isa = PBXBuildFile; fileRef = 5EDDEE782C3BC6BD00DAE3BB /* DetailsPresenterIO.swift */; };
		5EDDEE7B2C3BC6CC00DAE3BB /* DetailsInteractor.swift in Sources */ = {isa = PBXBuildFile; fileRef = 5EDDEE7A2C3BC6CC00DAE3BB /* DetailsInteractor.swift */; };
		5EDDEE7D2C3BC6D300DAE3BB /* DetailsInteractorIO.swift in Sources */ = {isa = PBXBuildFile; fileRef = 5EDDEE7C2C3BC6D300DAE3BB /* DetailsInteractorIO.swift */; };
		5EDDEE7F2C3BC6F100DAE3BB /* DetailsRepository.swift in Sources */ = {isa = PBXBuildFile; fileRef = 5EDDEE7E2C3BC6F100DAE3BB /* DetailsRepository.swift */; };
		5EDDEE822C3BC71300DAE3BB /* DetailsRepositoryProtocol.swift in Sources */ = {isa = PBXBuildFile; fileRef = 5EDDEE812C3BC71300DAE3BB /* DetailsRepositoryProtocol.swift */; };
		5EDDEE852C3BC72E00DAE3BB /* DetailsRouter.swift in Sources */ = {isa = PBXBuildFile; fileRef = 5EDDEE842C3BC72E00DAE3BB /* DetailsRouter.swift */; };
		5EDDEE872C3BC74000DAE3BB /* DetailsRouterProtocol.swift in Sources */ = {isa = PBXBuildFile; fileRef = 5EDDEE862C3BC74000DAE3BB /* DetailsRouterProtocol.swift */; };
		5EDDEE892C3BC78A00DAE3BB /* DetailsModels.swift in Sources */ = {isa = PBXBuildFile; fileRef = 5EDDEE882C3BC78A00DAE3BB /* DetailsModels.swift */; };
		5EDDEE8B2C3BD11E00DAE3BB /* CommonModels.swift in Sources */ = {isa = PBXBuildFile; fileRef = 5EDDEE8A2C3BD11E00DAE3BB /* CommonModels.swift */; };
		5EDDEE8D2C3BD8AB00DAE3BB /* MoviesAPIEndPoint.swift in Sources */ = {isa = PBXBuildFile; fileRef = 5EDDEE8C2C3BD8AB00DAE3BB /* MoviesAPIEndPoint.swift */; };
		5EDDFE8C2C3C6017000C78BB /* CommonUtils in Frameworks */ = {isa = PBXBuildFile; productRef = 5EDDFE8B2C3C6017000C78BB /* CommonUtils */; };
		5EDDFE942C3CFE63000C78BB /* SnapKit in Frameworks */ = {isa = PBXBuildFile; productRef = 5EDDFE932C3CFE63000C78BB /* SnapKit */; };
		5EDDFE962C3D0092000C78BB /* SectionHeaderView.swift in Sources */ = {isa = PBXBuildFile; fileRef = 5EDDFE952C3D0092000C78BB /* SectionHeaderView.swift */; };
		5EDDFE992C3D06C4000C78BB /* CommonFonts.swift in Sources */ = {isa = PBXBuildFile; fileRef = 5EDDFE982C3D06C4000C78BB /* CommonFonts.swift */; };
		5EDDFE9B2C3D06D1000C78BB /* CommonColors.swift in Sources */ = {isa = PBXBuildFile; fileRef = 5EDDFE9A2C3D06D1000C78BB /* CommonColors.swift */; };
/* End PBXBuildFile section */

/* Begin PBXFileReference section */
		5EAD99892C3D0CBC00BF23B7 /* CommonInsets.swift */ = {isa = PBXFileReference; lastKnownFileType = sourcecode.swift; path = CommonInsets.swift; sourceTree = "<group>"; };
		5EAD998B2C3D15E800BF23B7 /* BasicErrorView.swift */ = {isa = PBXFileReference; lastKnownFileType = sourcecode.swift; path = BasicErrorView.swift; sourceTree = "<group>"; };
		5EAD998D2C3D15F900BF23B7 /* BasicLoaderView.swift */ = {isa = PBXFileReference; lastKnownFileType = sourcecode.swift; path = BasicLoaderView.swift; sourceTree = "<group>"; };
		5EAD998F2C3D186A00BF23B7 /* UIModels.swift */ = {isa = PBXFileReference; lastKnownFileType = sourcecode.swift; path = UIModels.swift; sourceTree = "<group>"; };
		5EAD99912C3D272600BF23B7 /* TimeLocationCardView.swift */ = {isa = PBXFileReference; lastKnownFileType = sourcecode.swift; path = TimeLocationCardView.swift; sourceTree = "<group>"; };
		5EAD99942C3D274800BF23B7 /* SpecialTagView.swift */ = {isa = PBXFileReference; lastKnownFileType = sourcecode.swift; path = SpecialTagView.swift; sourceTree = "<group>"; };
		5EAD99962C3D276200BF23B7 /* ImageTextView.swift */ = {isa = PBXFileReference; lastKnownFileType = sourcecode.swift; path = ImageTextView.swift; sourceTree = "<group>"; };
		5EAD999B2C3D35BB00BF23B7 /* SocialProofingCardView.swift */ = {isa = PBXFileReference; lastKnownFileType = sourcecode.swift; path = SocialProofingCardView.swift; sourceTree = "<group>"; };
		5EAD999E2C3D360600BF23B7 /* StackedAssetsView.swift */ = {isa = PBXFileReference; lastKnownFileType = sourcecode.swift; path = StackedAssetsView.swift; sourceTree = "<group>"; };
		5EAD99A02C3D36DC00BF23B7 /* CircularImageView.swift */ = {isa = PBXFileReference; lastKnownFileType = sourcecode.swift; path = CircularImageView.swift; sourceTree = "<group>"; };
		5EAD99A22C3D462800BF23B7 /* CircularCornersAssetView.swift */ = {isa = PBXFileReference; lastKnownFileType = sourcecode.swift; path = CircularCornersAssetView.swift; sourceTree = "<group>"; };
		5EAD99A52C3D494600BF23B7 /* AssetCarouselCardView.swift */ = {isa = PBXFileReference; lastKnownFileType = sourcecode.swift; path = AssetCarouselCardView.swift; sourceTree = "<group>"; };
		5EAD99A72C3D4DCA00BF23B7 /* CircularPageControl.swift */ = {isa = PBXFileReference; lastKnownFileType = sourcecode.swift; path = CircularPageControl.swift; sourceTree = "<group>"; };
		5EAD99A92C3D4E2B00BF23B7 /* CircularPageControlItemView.swift */ = {isa = PBXFileReference; lastKnownFileType = sourcecode.swift; path = CircularPageControlItemView.swift; sourceTree = "<group>"; };
		5EAD99AC2C3D74B700BF23B7 /* AdditionalDetailsCardView.swift */ = {isa = PBXFileReference; lastKnownFileType = sourcecode.swift; path = AdditionalDetailsCardView.swift; sourceTree = "<group>"; };
		5EAD99AF2C3D757B00BF23B7 /* TextIndicatorItemView.swift */ = {isa = PBXFileReference; lastKnownFileType = sourcecode.swift; path = TextIndicatorItemView.swift; sourceTree = "<group>"; };
		5EAD99B12C3D758900BF23B7 /* TextIndicatorPageControl.swift */ = {isa = PBXFileReference; lastKnownFileType = sourcecode.swift; path = TextIndicatorPageControl.swift; sourceTree = "<group>"; };
		5EAD99B42C3D82E000BF23B7 /* AdditionalDetailsItemView.swift */ = {isa = PBXFileReference; lastKnownFileType = sourcecode.swift; path = AdditionalDetailsItemView.swift; sourceTree = "<group>"; };
		5EAD99B62C3DABDE00BF23B7 /* CountDownTimerCardView.swift */ = {isa = PBXFileReference; lastKnownFileType = sourcecode.swift; path = CountDownTimerCardView.swift; sourceTree = "<group>"; };
		5EAD99B92C3DAC0200BF23B7 /* TimerTextView.swift */ = {isa = PBXFileReference; lastKnownFileType = sourcecode.swift; path = TimerTextView.swift; sourceTree = "<group>"; };
		5EDDEE4A2C3B187900DAE3BB /* MovieDetails.app */ = {isa = PBXFileReference; explicitFileType = wrapper.application; includeInIndex = 0; path = MovieDetails.app; sourceTree = BUILT_PRODUCTS_DIR; };
		5EDDEE4D2C3B187900DAE3BB /* AppDelegate.swift */ = {isa = PBXFileReference; lastKnownFileType = sourcecode.swift; path = AppDelegate.swift; sourceTree = "<group>"; };
		5EDDEE4F2C3B187900DAE3BB /* SceneDelegate.swift */ = {isa = PBXFileReference; lastKnownFileType = sourcecode.swift; path = SceneDelegate.swift; sourceTree = "<group>"; };
		5EDDEE512C3B187900DAE3BB /* ViewController.swift */ = {isa = PBXFileReference; lastKnownFileType = sourcecode.swift; path = ViewController.swift; sourceTree = "<group>"; };
		5EDDEE562C3B187B00DAE3BB /* Assets.xcassets */ = {isa = PBXFileReference; lastKnownFileType = folder.assetcatalog; path = Assets.xcassets; sourceTree = "<group>"; };
		5EDDEE592C3B187B00DAE3BB /* Base */ = {isa = PBXFileReference; lastKnownFileType = file.storyboard; name = Base; path = Base.lproj/LaunchScreen.storyboard; sourceTree = "<group>"; };
		5EDDEE5B2C3B187B00DAE3BB /* Info.plist */ = {isa = PBXFileReference; lastKnownFileType = text.plist.xml; path = Info.plist; sourceTree = "<group>"; };
		5EDDEE622C3B226E00DAE3BB /* NetworkCore */ = {isa = PBXFileReference; lastKnownFileType = wrapper; path = NetworkCore; sourceTree = "<group>"; };
		5EDDEE672C3BB2EE00DAE3BB /* DetailsBuilder.swift */ = {isa = PBXFileReference; lastKnownFileType = sourcecode.swift; path = DetailsBuilder.swift; sourceTree = "<group>"; };
		5EDDEE722C3BC69400DAE3BB /* DetailsViewController.swift */ = {isa = PBXFileReference; lastKnownFileType = sourcecode.swift; path = DetailsViewController.swift; sourceTree = "<group>"; };
		5EDDEE742C3BC69F00DAE3BB /* DetailsViewControllerProtocol.swift */ = {isa = PBXFileReference; lastKnownFileType = sourcecode.swift; path = DetailsViewControllerProtocol.swift; sourceTree = "<group>"; };
		5EDDEE762C3BC6B600DAE3BB /* DetailsPresenter.swift */ = {isa = PBXFileReference; lastKnownFileType = sourcecode.swift; path = DetailsPresenter.swift; sourceTree = "<group>"; };
		5EDDEE782C3BC6BD00DAE3BB /* DetailsPresenterIO.swift */ = {isa = PBXFileReference; lastKnownFileType = sourcecode.swift; path = DetailsPresenterIO.swift; sourceTree = "<group>"; };
		5EDDEE7A2C3BC6CC00DAE3BB /* DetailsInteractor.swift */ = {isa = PBXFileReference; lastKnownFileType = sourcecode.swift; path = DetailsInteractor.swift; sourceTree = "<group>"; };
		5EDDEE7C2C3BC6D300DAE3BB /* DetailsInteractorIO.swift */ = {isa = PBXFileReference; lastKnownFileType = sourcecode.swift; path = DetailsInteractorIO.swift; sourceTree = "<group>"; };
		5EDDEE7E2C3BC6F100DAE3BB /* DetailsRepository.swift */ = {isa = PBXFileReference; lastKnownFileType = sourcecode.swift; path = DetailsRepository.swift; sourceTree = "<group>"; };
		5EDDEE812C3BC71300DAE3BB /* DetailsRepositoryProtocol.swift */ = {isa = PBXFileReference; lastKnownFileType = sourcecode.swift; path = DetailsRepositoryProtocol.swift; sourceTree = "<group>"; };
		5EDDEE842C3BC72E00DAE3BB /* DetailsRouter.swift */ = {isa = PBXFileReference; lastKnownFileType = sourcecode.swift; path = DetailsRouter.swift; sourceTree = "<group>"; };
		5EDDEE862C3BC74000DAE3BB /* DetailsRouterProtocol.swift */ = {isa = PBXFileReference; lastKnownFileType = sourcecode.swift; path = DetailsRouterProtocol.swift; sourceTree = "<group>"; };
		5EDDEE882C3BC78A00DAE3BB /* DetailsModels.swift */ = {isa = PBXFileReference; lastKnownFileType = sourcecode.swift; path = DetailsModels.swift; sourceTree = "<group>"; };
		5EDDEE8A2C3BD11E00DAE3BB /* CommonModels.swift */ = {isa = PBXFileReference; lastKnownFileType = sourcecode.swift; path = CommonModels.swift; sourceTree = "<group>"; };
		5EDDEE8C2C3BD8AB00DAE3BB /* MoviesAPIEndPoint.swift */ = {isa = PBXFileReference; lastKnownFileType = sourcecode.swift; path = MoviesAPIEndPoint.swift; sourceTree = "<group>"; };
		5EDDFE8A2C3C5EA7000C78BB /* CommonUtils */ = {isa = PBXFileReference; lastKnownFileType = wrapper; path = CommonUtils; sourceTree = "<group>"; };
		5EDDFE952C3D0092000C78BB /* SectionHeaderView.swift */ = {isa = PBXFileReference; lastKnownFileType = sourcecode.swift; path = SectionHeaderView.swift; sourceTree = "<group>"; };
		5EDDFE982C3D06C4000C78BB /* CommonFonts.swift */ = {isa = PBXFileReference; lastKnownFileType = sourcecode.swift; path = CommonFonts.swift; sourceTree = "<group>"; };
		5EDDFE9A2C3D06D1000C78BB /* CommonColors.swift */ = {isa = PBXFileReference; lastKnownFileType = sourcecode.swift; path = CommonColors.swift; sourceTree = "<group>"; };
/* End PBXFileReference section */

/* Begin PBXFrameworksBuildPhase section */
		5EDDEE472C3B187900DAE3BB /* Frameworks */ = {
			isa = PBXFrameworksBuildPhase;
			buildActionMask = 2147483647;
			files = (
				5EDDFE8C2C3C6017000C78BB /* CommonUtils in Frameworks */,
				5EDDFE942C3CFE63000C78BB /* SnapKit in Frameworks */,
				5EDDEE702C3BC64900DAE3BB /* RxCocoa in Frameworks */,
				5EDDEE652C3B3C1800DAE3BB /* NetworkCore in Frameworks */,
				5EAD999A2C3D299C00BF23B7 /* Kingfisher in Frameworks */,
			);
			runOnlyForDeploymentPostprocessing = 0;
		};
/* End PBXFrameworksBuildPhase section */

/* Begin PBXGroup section */
		5EAD99932C3D273600BF23B7 /* Components */ = {
			isa = PBXGroup;
			children = (
				5EAD99942C3D274800BF23B7 /* SpecialTagView.swift */,
				5EAD99962C3D276200BF23B7 /* ImageTextView.swift */,
			);
			path = Components;
			sourceTree = "<group>";
		};
		5EAD999D2C3D35CC00BF23B7 /* Components */ = {
			isa = PBXGroup;
			children = (
				5EAD999E2C3D360600BF23B7 /* StackedAssetsView.swift */,
				5EAD99A02C3D36DC00BF23B7 /* CircularImageView.swift */,
			);
			path = Components;
			sourceTree = "<group>";
		};
		5EAD99A42C3D463500BF23B7 /* Components */ = {
			isa = PBXGroup;
			children = (
				5EAD99AB2C3D543900BF23B7 /* CircularPageControl */,
				5EAD99A22C3D462800BF23B7 /* CircularCornersAssetView.swift */,
			);
			path = Components;
			sourceTree = "<group>";
		};
		5EAD99AB2C3D543900BF23B7 /* CircularPageControl */ = {
			isa = PBXGroup;
			children = (
				5EAD99A72C3D4DCA00BF23B7 /* CircularPageControl.swift */,
				5EAD99A92C3D4E2B00BF23B7 /* CircularPageControlItemView.swift */,
			);
			path = CircularPageControl;
			sourceTree = "<group>";
		};
		5EAD99AE2C3D74BE00BF23B7 /* TextIndicatorPageControl */ = {
			isa = PBXGroup;
			children = (
				5EAD99AF2C3D757B00BF23B7 /* TextIndicatorItemView.swift */,
				5EAD99B12C3D758900BF23B7 /* TextIndicatorPageControl.swift */,
			);
			path = TextIndicatorPageControl;
			sourceTree = "<group>";
		};
		5EAD99B32C3D82C000BF23B7 /* Components */ = {
			isa = PBXGroup;
			children = (
				5EAD99AE2C3D74BE00BF23B7 /* TextIndicatorPageControl */,
				5EAD99B42C3D82E000BF23B7 /* AdditionalDetailsItemView.swift */,
			);
			path = Components;
			sourceTree = "<group>";
		};
		5EAD99B82C3DABE300BF23B7 /* Components */ = {
			isa = PBXGroup;
			children = (
				5EAD99B92C3DAC0200BF23B7 /* TimerTextView.swift */,
			);
			path = Components;
			sourceTree = "<group>";
		};
		5EDDEE412C3B187900DAE3BB = {
			isa = PBXGroup;
			children = (
				5EDDEE4C2C3B187900DAE3BB /* MovieDetails */,
				5EDDEE612C3B222100DAE3BB /* Packages */,
				5EDDEE4B2C3B187900DAE3BB /* Products */,
				5EDDEE632C3B3C1800DAE3BB /* Frameworks */,
			);
			sourceTree = "<group>";
		};
		5EDDEE4B2C3B187900DAE3BB /* Products */ = {
			isa = PBXGroup;
			children = (
				5EDDEE4A2C3B187900DAE3BB /* MovieDetails.app */,
			);
			name = Products;
			sourceTree = "<group>";
		};
		5EDDEE4C2C3B187900DAE3BB /* MovieDetails */ = {
			isa = PBXGroup;
			children = (
				5EDDFE972C3D062B000C78BB /* Constants */,
				5EDDEE662C3BB2AA00DAE3BB /* Details */,
				5EDDEE4D2C3B187900DAE3BB /* AppDelegate.swift */,
				5EDDEE4F2C3B187900DAE3BB /* SceneDelegate.swift */,
				5EDDEE512C3B187900DAE3BB /* ViewController.swift */,
				5EDDEE562C3B187B00DAE3BB /* Assets.xcassets */,
				5EDDEE582C3B187B00DAE3BB /* LaunchScreen.storyboard */,
				5EDDEE5B2C3B187B00DAE3BB /* Info.plist */,
			);
			path = MovieDetails;
			sourceTree = "<group>";
		};
		5EDDEE612C3B222100DAE3BB /* Packages */ = {
			isa = PBXGroup;
			children = (
				5EDDFE8A2C3C5EA7000C78BB /* CommonUtils */,
				5EDDEE622C3B226E00DAE3BB /* NetworkCore */,
			);
			path = Packages;
			sourceTree = "<group>";
		};
		5EDDEE632C3B3C1800DAE3BB /* Frameworks */ = {
			isa = PBXGroup;
			children = (
			);
			name = Frameworks;
			sourceTree = "<group>";
		};
		5EDDEE662C3BB2AA00DAE3BB /* Details */ = {
			isa = PBXGroup;
			children = (
				5EDDEE712C3BC67100DAE3BB /* Components */,
				5EDDEE6A2C3BB30800DAE3BB /* ViewController */,
				5EDDEE6B2C3BB30F00DAE3BB /* Presenter */,
				5EDDEE692C3BB2FC00DAE3BB /* Interactor */,
				5EDDEE6C2C3BB31600DAE3BB /* Router */,
				5EDDEE6D2C3BB31E00DAE3BB /* Entity */,
				5EDDEE672C3BB2EE00DAE3BB /* DetailsBuilder.swift */,
			);
			path = Details;
			sourceTree = "<group>";
		};
		5EDDEE692C3BB2FC00DAE3BB /* Interactor */ = {
			isa = PBXGroup;
			children = (
				5EDDEE802C3BC6FE00DAE3BB /* Repository */,
				5EDDEE7A2C3BC6CC00DAE3BB /* DetailsInteractor.swift */,
				5EDDEE7C2C3BC6D300DAE3BB /* DetailsInteractorIO.swift */,
			);
			path = Interactor;
			sourceTree = "<group>";
		};
		5EDDEE6A2C3BB30800DAE3BB /* ViewController */ = {
			isa = PBXGroup;
			children = (
				5EDDEE722C3BC69400DAE3BB /* DetailsViewController.swift */,
				5EDDEE742C3BC69F00DAE3BB /* DetailsViewControllerProtocol.swift */,
			);
			path = ViewController;
			sourceTree = "<group>";
		};
		5EDDEE6B2C3BB30F00DAE3BB /* Presenter */ = {
			isa = PBXGroup;
			children = (
				5EDDEE762C3BC6B600DAE3BB /* DetailsPresenter.swift */,
				5EDDEE782C3BC6BD00DAE3BB /* DetailsPresenterIO.swift */,
			);
			path = Presenter;
			sourceTree = "<group>";
		};
		5EDDEE6C2C3BB31600DAE3BB /* Router */ = {
			isa = PBXGroup;
			children = (
				5EDDEE842C3BC72E00DAE3BB /* DetailsRouter.swift */,
				5EDDEE862C3BC74000DAE3BB /* DetailsRouterProtocol.swift */,
			);
			path = Router;
			sourceTree = "<group>";
		};
		5EDDEE6D2C3BB31E00DAE3BB /* Entity */ = {
			isa = PBXGroup;
			children = (
				5EDDEE882C3BC78A00DAE3BB /* DetailsModels.swift */,
				5EDDEE8A2C3BD11E00DAE3BB /* CommonModels.swift */,
				5EDDEE8C2C3BD8AB00DAE3BB /* MoviesAPIEndPoint.swift */,
				5EAD998F2C3D186A00BF23B7 /* UIModels.swift */,
			);
			path = Entity;
			sourceTree = "<group>";
		};
		5EDDEE712C3BC67100DAE3BB /* Components */ = {
			isa = PBXGroup;
			children = (
				5EDDFE912C3CFB57000C78BB /* AdditionalDetailsCard */,
				5EDDFE902C3CF96C000C78BB /* SocialProofingCard */,
				5EDDFE8F2C3CF960000C78BB /* CountDownTimerCard */,
				5EDDFE8E2C3CF956000C78BB /* TitleLocationCard */,
				5EDDFE8D2C3CF93A000C78BB /* AssetCarouselCard */,
				5EDDFE952C3D0092000C78BB /* SectionHeaderView.swift */,
				5EAD998B2C3D15E800BF23B7 /* BasicErrorView.swift */,
				5EAD998D2C3D15F900BF23B7 /* BasicLoaderView.swift */,
			);
			path = Components;
			sourceTree = "<group>";
		};
		5EDDEE802C3BC6FE00DAE3BB /* Repository */ = {
			isa = PBXGroup;
			children = (
				5EDDEE7E2C3BC6F100DAE3BB /* DetailsRepository.swift */,
				5EDDEE812C3BC71300DAE3BB /* DetailsRepositoryProtocol.swift */,
			);
			path = Repository;
			sourceTree = "<group>";
		};
		5EDDFE8D2C3CF93A000C78BB /* AssetCarouselCard */ = {
			isa = PBXGroup;
			children = (
				5EAD99A42C3D463500BF23B7 /* Components */,
				5EAD99A52C3D494600BF23B7 /* AssetCarouselCardView.swift */,
			);
			path = AssetCarouselCard;
			sourceTree = "<group>";
		};
		5EDDFE8E2C3CF956000C78BB /* TitleLocationCard */ = {
			isa = PBXGroup;
			children = (
				5EAD99932C3D273600BF23B7 /* Components */,
				5EAD99912C3D272600BF23B7 /* TimeLocationCardView.swift */,
			);
			path = TitleLocationCard;
			sourceTree = "<group>";
		};
		5EDDFE8F2C3CF960000C78BB /* CountDownTimerCard */ = {
			isa = PBXGroup;
			children = (
				5EAD99B82C3DABE300BF23B7 /* Components */,
				5EAD99B62C3DABDE00BF23B7 /* CountDownTimerCardView.swift */,
			);
			path = CountDownTimerCard;
			sourceTree = "<group>";
		};
		5EDDFE902C3CF96C000C78BB /* SocialProofingCard */ = {
			isa = PBXGroup;
			children = (
				5EAD999D2C3D35CC00BF23B7 /* Components */,
				5EAD999B2C3D35BB00BF23B7 /* SocialProofingCardView.swift */,
			);
			path = SocialProofingCard;
			sourceTree = "<group>";
		};
		5EDDFE912C3CFB57000C78BB /* AdditionalDetailsCard */ = {
			isa = PBXGroup;
			children = (
				5EAD99B32C3D82C000BF23B7 /* Components */,
				5EAD99AC2C3D74B700BF23B7 /* AdditionalDetailsCardView.swift */,
			);
			path = AdditionalDetailsCard;
			sourceTree = "<group>";
		};
		5EDDFE972C3D062B000C78BB /* Constants */ = {
			isa = PBXGroup;
			children = (
				5EDDFE982C3D06C4000C78BB /* CommonFonts.swift */,
				5EDDFE9A2C3D06D1000C78BB /* CommonColors.swift */,
				5EAD99892C3D0CBC00BF23B7 /* CommonInsets.swift */,
			);
			path = Constants;
			sourceTree = "<group>";
		};
/* End PBXGroup section */

/* Begin PBXNativeTarget section */
		5EDDEE492C3B187900DAE3BB /* MovieDetails */ = {
			isa = PBXNativeTarget;
			buildConfigurationList = 5EDDEE5E2C3B187B00DAE3BB /* Build configuration list for PBXNativeTarget "MovieDetails" */;
			buildPhases = (
				5EDDEE462C3B187900DAE3BB /* Sources */,
				5EDDEE472C3B187900DAE3BB /* Frameworks */,
				5EDDEE482C3B187900DAE3BB /* Resources */,
			);
			buildRules = (
			);
			dependencies = (
			);
			name = MovieDetails;
			packageProductDependencies = (
				5EDDEE642C3B3C1800DAE3BB /* NetworkCore */,
				5EDDEE6F2C3BC64900DAE3BB /* RxCocoa */,
				5EDDFE8B2C3C6017000C78BB /* CommonUtils */,
				5EDDFE932C3CFE63000C78BB /* SnapKit */,
				5EAD99992C3D299C00BF23B7 /* Kingfisher */,
			);
			productName = MovieDetails;
			productReference = 5EDDEE4A2C3B187900DAE3BB /* MovieDetails.app */;
			productType = "com.apple.product-type.application";
		};
/* End PBXNativeTarget section */

/* Begin PBXProject section */
		5EDDEE422C3B187900DAE3BB /* Project object */ = {
			isa = PBXProject;
			attributes = {
				BuildIndependentTargetsInParallel = 1;
				LastSwiftUpdateCheck = 1540;
				LastUpgradeCheck = 1540;
				TargetAttributes = {
					5EDDEE492C3B187900DAE3BB = {
						CreatedOnToolsVersion = 15.4;
					};
				};
			};
			buildConfigurationList = 5EDDEE452C3B187900DAE3BB /* Build configuration list for PBXProject "MovieDetails" */;
			compatibilityVersion = "Xcode 14.0";
			developmentRegion = en;
			hasScannedForEncodings = 0;
			knownRegions = (
				en,
				Base,
			);
			mainGroup = 5EDDEE412C3B187900DAE3BB;
			packageReferences = (
				5EDDEE6E2C3BC64900DAE3BB /* XCRemoteSwiftPackageReference "RxSwift" */,
				5EDDFE922C3CFE63000C78BB /* XCRemoteSwiftPackageReference "SnapKit" */,
				5EAD99982C3D299C00BF23B7 /* XCRemoteSwiftPackageReference "Kingfisher" */,
			);
			productRefGroup = 5EDDEE4B2C3B187900DAE3BB /* Products */;
			projectDirPath = "";
			projectRoot = "";
			targets = (
				5EDDEE492C3B187900DAE3BB /* MovieDetails */,
			);
		};
/* End PBXProject section */

/* Begin PBXResourcesBuildPhase section */
		5EDDEE482C3B187900DAE3BB /* Resources */ = {
			isa = PBXResourcesBuildPhase;
			buildActionMask = 2147483647;
			files = (
				5EDDEE572C3B187B00DAE3BB /* Assets.xcassets in Resources */,
				5EDDEE5A2C3B187B00DAE3BB /* Base in Resources */,
			);
			runOnlyForDeploymentPostprocessing = 0;
		};
/* End PBXResourcesBuildPhase section */

/* Begin PBXSourcesBuildPhase section */
		5EDDEE462C3B187900DAE3BB /* Sources */ = {
			isa = PBXSourcesBuildPhase;
			buildActionMask = 2147483647;
			files = (
				5EDDEE682C3BB2EE00DAE3BB /* DetailsBuilder.swift in Sources */,
				5EAD99972C3D276200BF23B7 /* ImageTextView.swift in Sources */,
				5EAD998E2C3D15F900BF23B7 /* BasicLoaderView.swift in Sources */,
				5EDDEE7B2C3BC6CC00DAE3BB /* DetailsInteractor.swift in Sources */,
				5EAD99AD2C3D74B700BF23B7 /* AdditionalDetailsCardView.swift in Sources */,
				5EAD998A2C3D0CBC00BF23B7 /* CommonInsets.swift in Sources */,
				5EDDEE792C3BC6BD00DAE3BB /* DetailsPresenterIO.swift in Sources */,
				5EAD99BA2C3DAC0200BF23B7 /* TimerTextView.swift in Sources */,
				5EAD99A32C3D462800BF23B7 /* CircularCornersAssetView.swift in Sources */,
				5EDDFE9B2C3D06D1000C78BB /* CommonColors.swift in Sources */,
				5EAD99B22C3D758900BF23B7 /* TextIndicatorPageControl.swift in Sources */,
				5EDDEE7D2C3BC6D300DAE3BB /* DetailsInteractorIO.swift in Sources */,
				5EAD99A62C3D494600BF23B7 /* AssetCarouselCardView.swift in Sources */,
				5EDDEE522C3B187900DAE3BB /* ViewController.swift in Sources */,
				5EAD99B72C3DABDE00BF23B7 /* CountDownTimerCardView.swift in Sources */,
				5EDDEE852C3BC72E00DAE3BB /* DetailsRouter.swift in Sources */,
				5EDDEE892C3BC78A00DAE3BB /* DetailsModels.swift in Sources */,
				5EAD99B52C3D82E000BF23B7 /* AdditionalDetailsItemView.swift in Sources */,
				5EAD99B02C3D757B00BF23B7 /* TextIndicatorItemView.swift in Sources */,
				5EDDEE4E2C3B187900DAE3BB /* AppDelegate.swift in Sources */,
				5EAD99902C3D186A00BF23B7 /* UIModels.swift in Sources */,
				5EDDEE772C3BC6B600DAE3BB /* DetailsPresenter.swift in Sources */,
				5EDDEE8D2C3BD8AB00DAE3BB /* MoviesAPIEndPoint.swift in Sources */,
				5EAD998C2C3D15E800BF23B7 /* BasicErrorView.swift in Sources */,
				5EAD999F2C3D360600BF23B7 /* StackedAssetsView.swift in Sources */,
				5EAD99952C3D274800BF23B7 /* SpecialTagView.swift in Sources */,
				5EDDEE7F2C3BC6F100DAE3BB /* DetailsRepository.swift in Sources */,
				5EAD99AA2C3D4E2B00BF23B7 /* CircularPageControlItemView.swift in Sources */,
				5EDDEE8B2C3BD11E00DAE3BB /* CommonModels.swift in Sources */,
				5EAD999C2C3D35BB00BF23B7 /* SocialProofingCardView.swift in Sources */,
				5EAD99922C3D272600BF23B7 /* TimeLocationCardView.swift in Sources */,
				5EDDFE992C3D06C4000C78BB /* CommonFonts.swift in Sources */,
				5EDDEE502C3B187900DAE3BB /* SceneDelegate.swift in Sources */,
				5EDDFE962C3D0092000C78BB /* SectionHeaderView.swift in Sources */,
				5EAD99A12C3D36DC00BF23B7 /* CircularImageView.swift in Sources */,
				5EDDEE732C3BC69400DAE3BB /* DetailsViewController.swift in Sources */,
				5EDDEE872C3BC74000DAE3BB /* DetailsRouterProtocol.swift in Sources */,
				5EDDEE822C3BC71300DAE3BB /* DetailsRepositoryProtocol.swift in Sources */,
				5EDDEE752C3BC69F00DAE3BB /* DetailsViewControllerProtocol.swift in Sources */,
				5EAD99A82C3D4DCA00BF23B7 /* CircularPageControl.swift in Sources */,
			);
			runOnlyForDeploymentPostprocessing = 0;
		};
/* End PBXSourcesBuildPhase section */

/* Begin PBXVariantGroup section */
		5EDDEE582C3B187B00DAE3BB /* LaunchScreen.storyboard */ = {
			isa = PBXVariantGroup;
			children = (
				5EDDEE592C3B187B00DAE3BB /* Base */,
			);
			name = LaunchScreen.storyboard;
			sourceTree = "<group>";
		};
/* End PBXVariantGroup section */

/* Begin XCBuildConfiguration section */
		5EDDEE5C2C3B187B00DAE3BB /* Debug */ = {
			isa = XCBuildConfiguration;
			buildSettings = {
				ALWAYS_SEARCH_USER_PATHS = NO;
				ASSETCATALOG_COMPILER_GENERATE_SWIFT_ASSET_SYMBOL_EXTENSIONS = YES;
				CLANG_ANALYZER_NONNULL = YES;
				CLANG_ANALYZER_NUMBER_OBJECT_CONVERSION = YES_AGGRESSIVE;
				CLANG_CXX_LANGUAGE_STANDARD = "gnu++20";
				CLANG_ENABLE_MODULES = YES;
				CLANG_ENABLE_OBJC_ARC = YES;
				CLANG_ENABLE_OBJC_WEAK = YES;
				CLANG_WARN_BLOCK_CAPTURE_AUTORELEASING = YES;
				CLANG_WARN_BOOL_CONVERSION = YES;
				CLANG_WARN_COMMA = YES;
				CLANG_WARN_CONSTANT_CONVERSION = YES;
				CLANG_WARN_DEPRECATED_OBJC_IMPLEMENTATIONS = YES;
				CLANG_WARN_DIRECT_OBJC_ISA_USAGE = YES_ERROR;
				CLANG_WARN_DOCUMENTATION_COMMENTS = YES;
				CLANG_WARN_EMPTY_BODY = YES;
				CLANG_WARN_ENUM_CONVERSION = YES;
				CLANG_WARN_INFINITE_RECURSION = YES;
				CLANG_WARN_INT_CONVERSION = YES;
				CLANG_WARN_NON_LITERAL_NULL_CONVERSION = YES;
				CLANG_WARN_OBJC_IMPLICIT_RETAIN_SELF = YES;
				CLANG_WARN_OBJC_LITERAL_CONVERSION = YES;
				CLANG_WARN_OBJC_ROOT_CLASS = YES_ERROR;
				CLANG_WARN_QUOTED_INCLUDE_IN_FRAMEWORK_HEADER = YES;
				CLANG_WARN_RANGE_LOOP_ANALYSIS = YES;
				CLANG_WARN_STRICT_PROTOTYPES = YES;
				CLANG_WARN_SUSPICIOUS_MOVE = YES;
				CLANG_WARN_UNGUARDED_AVAILABILITY = YES_AGGRESSIVE;
				CLANG_WARN_UNREACHABLE_CODE = YES;
				CLANG_WARN__DUPLICATE_METHOD_MATCH = YES;
				COPY_PHASE_STRIP = NO;
				DEBUG_INFORMATION_FORMAT = dwarf;
				ENABLE_STRICT_OBJC_MSGSEND = YES;
				ENABLE_TESTABILITY = YES;
				ENABLE_USER_SCRIPT_SANDBOXING = YES;
				GCC_C_LANGUAGE_STANDARD = gnu17;
				GCC_DYNAMIC_NO_PIC = NO;
				GCC_NO_COMMON_BLOCKS = YES;
				GCC_OPTIMIZATION_LEVEL = 0;
				GCC_PREPROCESSOR_DEFINITIONS = (
					"DEBUG=1",
					"$(inherited)",
				);
				GCC_WARN_64_TO_32_BIT_CONVERSION = YES;
				GCC_WARN_ABOUT_RETURN_TYPE = YES_ERROR;
				GCC_WARN_UNDECLARED_SELECTOR = YES;
				GCC_WARN_UNINITIALIZED_AUTOS = YES_AGGRESSIVE;
				GCC_WARN_UNUSED_FUNCTION = YES;
				GCC_WARN_UNUSED_VARIABLE = YES;
				IPHONEOS_DEPLOYMENT_TARGET = 17.5;
				LOCALIZATION_PREFERS_STRING_CATALOGS = YES;
				MTL_ENABLE_DEBUG_INFO = INCLUDE_SOURCE;
				MTL_FAST_MATH = YES;
				ONLY_ACTIVE_ARCH = YES;
				SDKROOT = iphoneos;
				SWIFT_ACTIVE_COMPILATION_CONDITIONS = "DEBUG $(inherited)";
				SWIFT_OPTIMIZATION_LEVEL = "-Onone";
			};
			name = Debug;
		};
		5EDDEE5D2C3B187B00DAE3BB /* Release */ = {
			isa = XCBuildConfiguration;
			buildSettings = {
				ALWAYS_SEARCH_USER_PATHS = NO;
				ASSETCATALOG_COMPILER_GENERATE_SWIFT_ASSET_SYMBOL_EXTENSIONS = YES;
				CLANG_ANALYZER_NONNULL = YES;
				CLANG_ANALYZER_NUMBER_OBJECT_CONVERSION = YES_AGGRESSIVE;
				CLANG_CXX_LANGUAGE_STANDARD = "gnu++20";
				CLANG_ENABLE_MODULES = YES;
				CLANG_ENABLE_OBJC_ARC = YES;
				CLANG_ENABLE_OBJC_WEAK = YES;
				CLANG_WARN_BLOCK_CAPTURE_AUTORELEASING = YES;
				CLANG_WARN_BOOL_CONVERSION = YES;
				CLANG_WARN_COMMA = YES;
				CLANG_WARN_CONSTANT_CONVERSION = YES;
				CLANG_WARN_DEPRECATED_OBJC_IMPLEMENTATIONS = YES;
				CLANG_WARN_DIRECT_OBJC_ISA_USAGE = YES_ERROR;
				CLANG_WARN_DOCUMENTATION_COMMENTS = YES;
				CLANG_WARN_EMPTY_BODY = YES;
				CLANG_WARN_ENUM_CONVERSION = YES;
				CLANG_WARN_INFINITE_RECURSION = YES;
				CLANG_WARN_INT_CONVERSION = YES;
				CLANG_WARN_NON_LITERAL_NULL_CONVERSION = YES;
				CLANG_WARN_OBJC_IMPLICIT_RETAIN_SELF = YES;
				CLANG_WARN_OBJC_LITERAL_CONVERSION = YES;
				CLANG_WARN_OBJC_ROOT_CLASS = YES_ERROR;
				CLANG_WARN_QUOTED_INCLUDE_IN_FRAMEWORK_HEADER = YES;
				CLANG_WARN_RANGE_LOOP_ANALYSIS = YES;
				CLANG_WARN_STRICT_PROTOTYPES = YES;
				CLANG_WARN_SUSPICIOUS_MOVE = YES;
				CLANG_WARN_UNGUARDED_AVAILABILITY = YES_AGGRESSIVE;
				CLANG_WARN_UNREACHABLE_CODE = YES;
				CLANG_WARN__DUPLICATE_METHOD_MATCH = YES;
				COPY_PHASE_STRIP = NO;
				DEBUG_INFORMATION_FORMAT = "dwarf-with-dsym";
				ENABLE_NS_ASSERTIONS = NO;
				ENABLE_STRICT_OBJC_MSGSEND = YES;
				ENABLE_USER_SCRIPT_SANDBOXING = YES;
				GCC_C_LANGUAGE_STANDARD = gnu17;
				GCC_NO_COMMON_BLOCKS = YES;
				GCC_WARN_64_TO_32_BIT_CONVERSION = YES;
				GCC_WARN_ABOUT_RETURN_TYPE = YES_ERROR;
				GCC_WARN_UNDECLARED_SELECTOR = YES;
				GCC_WARN_UNINITIALIZED_AUTOS = YES_AGGRESSIVE;
				GCC_WARN_UNUSED_FUNCTION = YES;
				GCC_WARN_UNUSED_VARIABLE = YES;
				IPHONEOS_DEPLOYMENT_TARGET = 17.5;
				LOCALIZATION_PREFERS_STRING_CATALOGS = YES;
				MTL_ENABLE_DEBUG_INFO = NO;
				MTL_FAST_MATH = YES;
				SDKROOT = iphoneos;
				SWIFT_COMPILATION_MODE = wholemodule;
				VALIDATE_PRODUCT = YES;
			};
			name = Release;
		};
		5EDDEE5F2C3B187B00DAE3BB /* Debug */ = {
			isa = XCBuildConfiguration;
			buildSettings = {
				ASSETCATALOG_COMPILER_APPICON_NAME = AppIcon;
				ASSETCATALOG_COMPILER_GLOBAL_ACCENT_COLOR_NAME = AccentColor;
				CODE_SIGN_STYLE = Automatic;
				CURRENT_PROJECT_VERSION = 1;
				DEVELOPMENT_TEAM = Y497Z5ZHF2;
				GENERATE_INFOPLIST_FILE = YES;
				INFOPLIST_FILE = MovieDetails/Info.plist;
				INFOPLIST_KEY_UIApplicationSupportsIndirectInputEvents = YES;
				INFOPLIST_KEY_UILaunchStoryboardName = LaunchScreen;
				INFOPLIST_KEY_UISupportedInterfaceOrientations_iPad = "UIInterfaceOrientationPortrait UIInterfaceOrientationPortraitUpsideDown UIInterfaceOrientationLandscapeLeft UIInterfaceOrientationLandscapeRight";
				INFOPLIST_KEY_UISupportedInterfaceOrientations_iPhone = "UIInterfaceOrientationPortrait UIInterfaceOrientationLandscapeLeft UIInterfaceOrientationLandscapeRight";
				IPHONEOS_DEPLOYMENT_TARGET = 17.0;
				LD_RUNPATH_SEARCH_PATHS = (
					"$(inherited)",
					"@executable_path/Frameworks",
				);
				MARKETING_VERSION = 1.0;
				PRODUCT_BUNDLE_IDENTIFIER = nitish.personal.MovieDetails;
				PRODUCT_NAME = "$(TARGET_NAME)";
				SWIFT_EMIT_LOC_STRINGS = YES;
				SWIFT_VERSION = 5.0;
				TARGETED_DEVICE_FAMILY = "1,2";
			};
			name = Debug;
		};
		5EDDEE602C3B187B00DAE3BB /* Release */ = {
			isa = XCBuildConfiguration;
			buildSettings = {
				ASSETCATALOG_COMPILER_APPICON_NAME = AppIcon;
				ASSETCATALOG_COMPILER_GLOBAL_ACCENT_COLOR_NAME = AccentColor;
				CODE_SIGN_STYLE = Automatic;
				CURRENT_PROJECT_VERSION = 1;
				DEVELOPMENT_TEAM = Y497Z5ZHF2;
				GENERATE_INFOPLIST_FILE = YES;
				INFOPLIST_FILE = MovieDetails/Info.plist;
				INFOPLIST_KEY_UIApplicationSupportsIndirectInputEvents = YES;
				INFOPLIST_KEY_UILaunchStoryboardName = LaunchScreen;
				INFOPLIST_KEY_UISupportedInterfaceOrientations_iPad = "UIInterfaceOrientationPortrait UIInterfaceOrientationPortraitUpsideDown UIInterfaceOrientationLandscapeLeft UIInterfaceOrientationLandscapeRight";
				INFOPLIST_KEY_UISupportedInterfaceOrientations_iPhone = "UIInterfaceOrientationPortrait UIInterfaceOrientationLandscapeLeft UIInterfaceOrientationLandscapeRight";
				IPHONEOS_DEPLOYMENT_TARGET = 17.0;
				LD_RUNPATH_SEARCH_PATHS = (
					"$(inherited)",
					"@executable_path/Frameworks",
				);
				MARKETING_VERSION = 1.0;
				PRODUCT_BUNDLE_IDENTIFIER = nitish.personal.MovieDetails;
				PRODUCT_NAME = "$(TARGET_NAME)";
				SWIFT_EMIT_LOC_STRINGS = YES;
				SWIFT_VERSION = 5.0;
				TARGETED_DEVICE_FAMILY = "1,2";
			};
			name = Release;
		};
/* End XCBuildConfiguration section */

/* Begin XCConfigurationList section */
		5EDDEE452C3B187900DAE3BB /* Build configuration list for PBXProject "MovieDetails" */ = {
			isa = XCConfigurationList;
			buildConfigurations = (
				5EDDEE5C2C3B187B00DAE3BB /* Debug */,
				5EDDEE5D2C3B187B00DAE3BB /* Release */,
			);
			defaultConfigurationIsVisible = 0;
			defaultConfigurationName = Release;
		};
		5EDDEE5E2C3B187B00DAE3BB /* Build configuration list for PBXNativeTarget "MovieDetails" */ = {
			isa = XCConfigurationList;
			buildConfigurations = (
				5EDDEE5F2C3B187B00DAE3BB /* Debug */,
				5EDDEE602C3B187B00DAE3BB /* Release */,
			);
			defaultConfigurationIsVisible = 0;
			defaultConfigurationName = Release;
		};
/* End XCConfigurationList section */

/* Begin XCRemoteSwiftPackageReference section */
		5EAD99982C3D299C00BF23B7 /* XCRemoteSwiftPackageReference "Kingfisher" */ = {
			isa = XCRemoteSwiftPackageReference;
			repositoryURL = "https://github.com/onevcat/Kingfisher.git";
			requirement = {
				kind = upToNextMajorVersion;
				minimumVersion = 7.12.0;
			};
		};
		5EDDEE6E2C3BC64900DAE3BB /* XCRemoteSwiftPackageReference "RxSwift" */ = {
			isa = XCRemoteSwiftPackageReference;
			repositoryURL = "https://github.com/ReactiveX/RxSwift.git";
			requirement = {
				kind = upToNextMajorVersion;
				minimumVersion = 6.7.1;
			};
		};
		5EDDFE922C3CFE63000C78BB /* XCRemoteSwiftPackageReference "SnapKit" */ = {
			isa = XCRemoteSwiftPackageReference;
			repositoryURL = "https://github.com/SnapKit/SnapKit.git";
			requirement = {
				kind = upToNextMajorVersion;
				minimumVersion = 5.7.1;
			};
		};
/* End XCRemoteSwiftPackageReference section */

/* Begin XCSwiftPackageProductDependency section */
		5EAD99992C3D299C00BF23B7 /* Kingfisher */ = {
			isa = XCSwiftPackageProductDependency;
			package = 5EAD99982C3D299C00BF23B7 /* XCRemoteSwiftPackageReference "Kingfisher" */;
			productName = Kingfisher;
		};
		5EDDEE642C3B3C1800DAE3BB /* NetworkCore */ = {
			isa = XCSwiftPackageProductDependency;
			productName = NetworkCore;
		};
		5EDDEE6F2C3BC64900DAE3BB /* RxCocoa */ = {
			isa = XCSwiftPackageProductDependency;
			package = 5EDDEE6E2C3BC64900DAE3BB /* XCRemoteSwiftPackageReference "RxSwift" */;
			productName = RxCocoa;
		};
		5EDDFE8B2C3C6017000C78BB /* CommonUtils */ = {
			isa = XCSwiftPackageProductDependency;
			productName = CommonUtils;
		};
		5EDDFE932C3CFE63000C78BB /* SnapKit */ = {
			isa = XCSwiftPackageProductDependency;
			package = 5EDDFE922C3CFE63000C78BB /* XCRemoteSwiftPackageReference "SnapKit" */;
			productName = SnapKit;
		};
/* End XCSwiftPackageProductDependency section */
	};
	rootObject = 5EDDEE422C3B187900DAE3BB /* Project object */;
}
